
Microsoft Visual Studio Solution File, Format Version 12.00
# Visual Studio Version 17
VisualStudioVersion = 17.11.35208.52
MinimumVisualStudioVersion = 10.0.40219.1
Project("{FAE04EC0-301F-11D3-BF4B-00C04F79EFBC}") = "Otronose", "Otronose.csproj", "{548592E4-9237-4DFD-8792-4E5D4E3F31FA}"
EndProject
Global
	GlobalSection(SolutionConfigurationPlatforms) = preSolution
		Debug|Any CPU = Debug|Any CPU
		Release|Any CPU = Release|Any CPU
	EndGlobalSection
	GlobalSection(ProjectConfigurationPlatforms) = postSolution
		{548592E4-9237-4DFD-8792-4E5D4E3F31FA}.Debug|Any CPU.ActiveCfg = Debug|Any CPU
		{548592E4-9237-4DFD-8792-4E5D4E3F31FA}.Debug|Any CPU.Build.0 = Debug|Any CPU
		{548592E4-9237-4DFD-8792-4E5D4E3F31FA}.Release|Any CPU.ActiveCfg = Release|Any CPU
		{548592E4-9237-4DFD-8792-4E5D4E3F31FA}.Release|Any CPU.Build.0 = Release|Any CPU
	EndGlobalSection
	GlobalSection(SolutionProperties) = preSolution
		HideSolutionNode = FALSE
	EndGlobalSection
	GlobalSection(ExtensibilityGlobals) = postSolution
		SolutionGuid = {405388A0-CC7B-4107-B0C0-A61E1D5DE078}
	EndGlobalSection
EndGlobal
